// !$*UTF8*$!
{
	archiveVersion = 1;
	classes = {
	};
	objectVersion = 46;
	objects = {

/* Begin PBXBuildFile section */
		AABC43E21AE7C8E600734198 /* main.m in Sources */ = {isa = PBXBuildFile; fileRef = AABC43E11AE7C8E600734198 /* main.m */; };
		AABC43E51AE7C8E600734198 /* AppDelegate.m in Sources */ = {isa = PBXBuildFile; fileRef = AABC43E41AE7C8E600734198 /* AppDelegate.m */; };
		AABC43E81AE7C8E600734198 /* ViewController.m in Sources */ = {isa = PBXBuildFile; fileRef = AABC43E71AE7C8E600734198 /* ViewController.m */; };
		AABC43EB1AE7C8E600734198 /* Main.storyboard in Resources */ = {isa = PBXBuildFile; fileRef = AABC43E91AE7C8E600734198 /* Main.storyboard */; };
		AABC43ED1AE7C8E600734198 /* Images.xcassets in Resources */ = {isa = PBXBuildFile; fileRef = AABC43EC1AE7C8E600734198 /* Images.xcassets */; };
		AABC43F01AE7C8E600734198 /* LaunchScreen.xib in Resources */ = {isa = PBXBuildFile; fileRef = AABC43EE1AE7C8E600734198 /* LaunchScreen.xib */; };
		AABC43FC1AE7C8E700734198 /* week5portTests.m in Sources */ = {isa = PBXBuildFile; fileRef = AABC43FB1AE7C8E700734198 /* week5portTests.m */; };
		AABC440A1AE7C96200734198 /* ReminderModel.xcdatamodeld in Sources */ = {isa = PBXBuildFile; fileRef = AABC44081AE7C96200734198 /* ReminderModel.xcdatamodeld */; };
		AABC44131AE7F26500734198 /* Reminder.m in Sources */ = {isa = PBXBuildFile; fileRef = AABC44121AE7F26500734198 /* Reminder.m */; };
		AABC44161AE7F26500734198 /* ReminderList.m in Sources */ = {isa = PBXBuildFile; fileRef = AABC44151AE7F26500734198 /* ReminderList.m */; };
		AABC44181AE7F4CC00734198 /* CoreData.framework in Frameworks */ = {isa = PBXBuildFile; fileRef = AABC44171AE7F4CC00734198 /* CoreData.framework */; };
		AABC441B1AE8012100734198 /* ReminderListController.m in Sources */ = {isa = PBXBuildFile; fileRef = AABC441A1AE8012100734198 /* ReminderListController.m */; };
		AABC441E1AE8014200734198 /* AddReminderViewController.m in Sources */ = {isa = PBXBuildFile; fileRef = AABC441D1AE8014200734198 /* AddReminderViewController.m */; };
		AABC44211AE8016700734198 /* ViewReminderViewController.m in Sources */ = {isa = PBXBuildFile; fileRef = AABC44201AE8016700734198 /* ViewReminderViewController.m */; };
		AABC44241AE8018100734198 /* ReminderCell.m in Sources */ = {isa = PBXBuildFile; fileRef = AABC44231AE8018100734198 /* ReminderCell.m */; };
/* End PBXBuildFile section */

/* Begin PBXContainerItemProxy section */
		AABC43F61AE7C8E700734198 /* PBXContainerItemProxy */ = {
			isa = PBXContainerItemProxy;
			containerPortal = AABC43D41AE7C8E600734198 /* Project object */;
			proxyType = 1;
			remoteGlobalIDString = AABC43DB1AE7C8E600734198;
			remoteInfo = week5port;
		};
/* End PBXContainerItemProxy section */

/* Begin PBXFileReference section */
		AABC43DC1AE7C8E600734198 /* week5port.app */ = {isa = PBXFileReference; explicitFileType = wrapper.application; includeInIndex = 0; path = week5port.app; sourceTree = BUILT_PRODUCTS_DIR; };
		AABC43E01AE7C8E600734198 /* Info.plist */ = {isa = PBXFileReference; lastKnownFileType = text.plist.xml; path = Info.plist; sourceTree = "<group>"; };
		AABC43E11AE7C8E600734198 /* main.m */ = {isa = PBXFileReference; lastKnownFileType = sourcecode.c.objc; path = main.m; sourceTree = "<group>"; };
		AABC43E31AE7C8E600734198 /* AppDelegate.h */ = {isa = PBXFileReference; lastKnownFileType = sourcecode.c.h; path = AppDelegate.h; sourceTree = "<group>"; };
		AABC43E41AE7C8E600734198 /* AppDelegate.m */ = {isa = PBXFileReference; lastKnownFileType = sourcecode.c.objc; path = AppDelegate.m; sourceTree = "<group>"; };
		AABC43E61AE7C8E600734198 /* ViewController.h */ = {isa = PBXFileReference; lastKnownFileType = sourcecode.c.h; path = ViewController.h; sourceTree = "<group>"; };
		AABC43E71AE7C8E600734198 /* ViewController.m */ = {isa = PBXFileReference; lastKnownFileType = sourcecode.c.objc; path = ViewController.m; sourceTree = "<group>"; };
		AABC43EA1AE7C8E600734198 /* Base */ = {isa = PBXFileReference; lastKnownFileType = file.storyboard; name = Base; path = Base.lproj/Main.storyboard; sourceTree = "<group>"; };
		AABC43EC1AE7C8E600734198 /* Images.xcassets */ = {isa = PBXFileReference; lastKnownFileType = folder.assetcatalog; path = Images.xcassets; sourceTree = "<group>"; };
		AABC43EF1AE7C8E600734198 /* Base */ = {isa = PBXFileReference; lastKnownFileType = file.xib; name = Base; path = Base.lproj/LaunchScreen.xib; sourceTree = "<group>"; };
		AABC43F51AE7C8E700734198 /* week5portTests.xctest */ = {isa = PBXFileReference; explicitFileType = wrapper.cfbundle; includeInIndex = 0; path = week5portTests.xctest; sourceTree = BUILT_PRODUCTS_DIR; };
		AABC43FA1AE7C8E700734198 /* Info.plist */ = {isa = PBXFileReference; lastKnownFileType = text.plist.xml; path = Info.plist; sourceTree = "<group>"; };
		AABC43FB1AE7C8E700734198 /* week5portTests.m */ = {isa = PBXFileReference; lastKnownFileType = sourcecode.c.objc; path = week5portTests.m; sourceTree = "<group>"; };
		AABC44091AE7C96200734198 /* ReminderModel.xcdatamodel */ = {isa = PBXFileReference; lastKnownFileType = wrapper.xcdatamodel; path = ReminderModel.xcdatamodel; sourceTree = "<group>"; };
		AABC44111AE7F26500734198 /* Reminder.h */ = {isa = PBXFileReference; fileEncoding = 4; lastKnownFileType = sourcecode.c.h; path = Reminder.h; sourceTree = "<group>"; };
		AABC44121AE7F26500734198 /* Reminder.m */ = {isa = PBXFileReference; fileEncoding = 4; lastKnownFileType = sourcecode.c.objc; path = Reminder.m; sourceTree = "<group>"; };
		AABC44141AE7F26500734198 /* ReminderList.h */ = {isa = PBXFileReference; fileEncoding = 4; lastKnownFileType = sourcecode.c.h; path = ReminderList.h; sourceTree = "<group>"; };
		AABC44151AE7F26500734198 /* ReminderList.m */ = {isa = PBXFileReference; fileEncoding = 4; lastKnownFileType = sourcecode.c.objc; path = ReminderList.m; sourceTree = "<group>"; };
		AABC44171AE7F4CC00734198 /* CoreData.framework */ = {isa = PBXFileReference; lastKnownFileType = wrapper.framework; name = CoreData.framework; path = System/Library/Frameworks/CoreData.framework; sourceTree = SDKROOT; };
		AABC44191AE8012100734198 /* ReminderListController.h */ = {isa = PBXFileReference; fileEncoding = 4; lastKnownFileType = sourcecode.c.h; path = ReminderListController.h; sourceTree = "<group>"; };
		AABC441A1AE8012100734198 /* ReminderListController.m */ = {isa = PBXFileReference; fileEncoding = 4; lastKnownFileType = sourcecode.c.objc; path = ReminderListController.m; sourceTree = "<group>"; };
		AABC441C1AE8014200734198 /* AddReminderViewController.h */ = {isa = PBXFileReference; fileEncoding = 4; lastKnownFileType = sourcecode.c.h; path = AddReminderViewController.h; sourceTree = "<group>"; };
		AABC441D1AE8014200734198 /* AddReminderViewController.m */ = {isa = PBXFileReference; fileEncoding = 4; lastKnownFileType = sourcecode.c.objc; path = AddReminderViewController.m; sourceTree = "<group>"; };
		AABC441F1AE8016700734198 /* ViewReminderViewController.h */ = {isa = PBXFileReference; fileEncoding = 4; lastKnownFileType = sourcecode.c.h; path = ViewReminderViewController.h; sourceTree = "<group>"; };
		AABC44201AE8016700734198 /* ViewReminderViewController.m */ = {isa = PBXFileReference; fileEncoding = 4; lastKnownFileType = sourcecode.c.objc; path = ViewReminderViewController.m; sourceTree = "<group>"; };
		AABC44221AE8018100734198 /* ReminderCell.h */ = {isa = PBXFileReference; fileEncoding = 4; lastKnownFileType = sourcecode.c.h; path = ReminderCell.h; sourceTree = "<group>"; };
		AABC44231AE8018100734198 /* ReminderCell.m */ = {isa = PBXFileReference; fileEncoding = 4; lastKnownFileType = sourcecode.c.objc; path = ReminderCell.m; sourceTree = "<group>"; };
/* End PBXFileReference section */

/* Begin PBXFrameworksBuildPhase section */
		AABC43D91AE7C8E600734198 /* Frameworks */ = {
			isa = PBXFrameworksBuildPhase;
			buildActionMask = 2147483647;
			files = (
				AABC44181AE7F4CC00734198 /* CoreData.framework in Frameworks */,
			);
			runOnlyForDeploymentPostprocessing = 0;
		};
		AABC43F21AE7C8E700734198 /* Frameworks */ = {
			isa = PBXFrameworksBuildPhase;
			buildActionMask = 2147483647;
			files = (
			);
			runOnlyForDeploymentPostprocessing = 0;
		};
/* End PBXFrameworksBuildPhase section */

/* Begin PBXGroup section */
		AABC43D31AE7C8E600734198 = {
			isa = PBXGroup;
			children = (
				AABC44171AE7F4CC00734198 /* CoreData.framework */,
				AABC43DE1AE7C8E600734198 /* week5port */,
				AABC43F81AE7C8E700734198 /* week5portTests */,
				AABC43DD1AE7C8E600734198 /* Products */,
			);
			sourceTree = "<group>";
		};
		AABC43DD1AE7C8E600734198 /* Products */ = {
			isa = PBXGroup;
			children = (
				AABC43DC1AE7C8E600734198 /* week5port.app */,
				AABC43F51AE7C8E700734198 /* week5portTests.xctest */,
			);
			name = Products;
			sourceTree = "<group>";
		};
		AABC43DE1AE7C8E600734198 /* week5port */ = {
			isa = PBXGroup;
			children = (
				AABC43E31AE7C8E600734198 /* AppDelegate.h */,
				AABC43E41AE7C8E600734198 /* AppDelegate.m */,
				AABC43E61AE7C8E600734198 /* ViewController.h */,
				AABC43E71AE7C8E600734198 /* ViewController.m */,
				AABC43E91AE7C8E600734198 /* Main.storyboard */,
				AABC44191AE8012100734198 /* ReminderListController.h */,
				AABC441A1AE8012100734198 /* ReminderListController.m */,
				AABC43EC1AE7C8E600734198 /* Images.xcassets */,
				AABC43EE1AE7C8E600734198 /* LaunchScreen.xib */,
				AABC43DF1AE7C8E600734198 /* Supporting Files */,
				AABC44081AE7C96200734198 /* ReminderModel.xcdatamodeld */,
				AABC44141AE7F26500734198 /* ReminderList.h */,
				AABC44151AE7F26500734198 /* ReminderList.m */,
				AABC44111AE7F26500734198 /* Reminder.h */,
				AABC44121AE7F26500734198 /* Reminder.m */,
				AABC441C1AE8014200734198 /* AddReminderViewController.h */,
				AABC441D1AE8014200734198 /* AddReminderViewController.m */,
				AABC441F1AE8016700734198 /* ViewReminderViewController.h */,
				AABC44201AE8016700734198 /* ViewReminderViewController.m */,
				AABC44221AE8018100734198 /* ReminderCell.h */,
				AABC44231AE8018100734198 /* ReminderCell.m */,
			);
			path = week5port;
			sourceTree = "<group>";
		};
		AABC43DF1AE7C8E600734198 /* Supporting Files */ = {
			isa = PBXGroup;
			children = (
				AABC43E01AE7C8E600734198 /* Info.plist */,
				AABC43E11AE7C8E600734198 /* main.m */,
			);
			name = "Supporting Files";
			sourceTree = "<group>";
		};
		AABC43F81AE7C8E700734198 /* week5portTests */ = {
			isa = PBXGroup;
			children = (
				AABC43FB1AE7C8E700734198 /* week5portTests.m */,
				AABC43F91AE7C8E700734198 /* Supporting Files */,
			);
			path = week5portTests;
			sourceTree = "<group>";
		};
		AABC43F91AE7C8E700734198 /* Supporting Files */ = {
			isa = PBXGroup;
			children = (
				AABC43FA1AE7C8E700734198 /* Info.plist */,
			);
			name = "Supporting Files";
			sourceTree = "<group>";
		};
/* End PBXGroup section */

/* Begin PBXNativeTarget section */
		AABC43DB1AE7C8E600734198 /* week5port */ = {
			isa = PBXNativeTarget;
			buildConfigurationList = AABC43FF1AE7C8E700734198 /* Build configuration list for PBXNativeTarget "week5port" */;
			buildPhases = (
				AABC43D81AE7C8E600734198 /* Sources */,
				AABC43D91AE7C8E600734198 /* Frameworks */,
				AABC43DA1AE7C8E600734198 /* Resources */,
			);
			buildRules = (
			);
			dependencies = (
			);
			name = week5port;
			productName = week5port;
			productReference = AABC43DC1AE7C8E600734198 /* week5port.app */;
			productType = "com.apple.product-type.application";
		};
		AABC43F41AE7C8E700734198 /* week5portTests */ = {
			isa = PBXNativeTarget;
			buildConfigurationList = AABC44021AE7C8E700734198 /* Build configuration list for PBXNativeTarget "week5portTests" */;
			buildPhases = (
				AABC43F11AE7C8E700734198 /* Sources */,
				AABC43F21AE7C8E700734198 /* Frameworks */,
				AABC43F31AE7C8E700734198 /* Resources */,
			);
			buildRules = (
			);
			dependencies = (
				AABC43F71AE7C8E700734198 /* PBXTargetDependency */,
			);
			name = week5portTests;
			productName = week5portTests;
			productReference = AABC43F51AE7C8E700734198 /* week5portTests.xctest */;
			productType = "com.apple.product-type.bundle.unit-test";
		};
/* End PBXNativeTarget section */

/* Begin PBXProject section */
		AABC43D41AE7C8E600734198 /* Project object */ = {
			isa = PBXProject;
			attributes = {
				LastUpgradeCheck = 0610;
				ORGANIZATIONNAME = double;
				TargetAttributes = {
					AABC43DB1AE7C8E600734198 = {
						CreatedOnToolsVersion = 6.1.1;
					};
					AABC43F41AE7C8E700734198 = {
						CreatedOnToolsVersion = 6.1.1;
						TestTargetID = AABC43DB1AE7C8E600734198;
					};
				};
			};
			buildConfigurationList = AABC43D71AE7C8E600734198 /* Build configuration list for PBXProject "week5port" */;
			compatibilityVersion = "Xcode 3.2";
			developmentRegion = English;
			hasScannedForEncodings = 0;
			knownRegions = (
				en,
				Base,
			);
			mainGroup = AABC43D31AE7C8E600734198;
			productRefGroup = AABC43DD1AE7C8E600734198 /* Products */;
			projectDirPath = "";
			projectRoot = "";
			targets = (
				AABC43DB1AE7C8E600734198 /* week5port */,
				AABC43F41AE7C8E700734198 /* week5portTests */,
			);
		};
/* End PBXProject section */

/* Begin PBXResourcesBuildPhase section */
		AABC43DA1AE7C8E600734198 /* Resources */ = {
			isa = PBXResourcesBuildPhase;
			buildActionMask = 2147483647;
			files = (
				AABC43EB1AE7C8E600734198 /* Main.storyboard in Resources */,
				AABC43F01AE7C8E600734198 /* LaunchScreen.xib in Resources */,
				AABC43ED1AE7C8E600734198 /* Images.xcassets in Resources */,
			);
			runOnlyForDeploymentPostprocessing = 0;
		};
		AABC43F31AE7C8E700734198 /* Resources */ = {
			isa = PBXResourcesBuildPhase;
			buildActionMask = 2147483647;
			files = (
			);
			runOnlyForDeploymentPostprocessing = 0;
		};
/* End PBXResourcesBuildPhase section */

/* Begin PBXSourcesBuildPhase section */
		AABC43D81AE7C8E600734198 /* Sources */ = {
			isa = PBXSourcesBuildPhase;
			buildActionMask = 2147483647;
			files = (
				AABC43E81AE7C8E600734198 /* ViewController.m in Sources */,
				AABC440A1AE7C96200734198 /* ReminderModel.xcdatamodeld in Sources */,
				AABC44211AE8016700734198 /* ViewReminderViewController.m in Sources */,
				AABC441B1AE8012100734198 /* ReminderListController.m in Sources */,
				AABC43E51AE7C8E600734198 /* AppDelegate.m in Sources */,
				AABC441E1AE8014200734198 /* AddReminderViewController.m in Sources */,
				AABC44161AE7F26500734198 /* ReminderList.m in Sources */,
				AABC44131AE7F26500734198 /* Reminder.m in Sources */,
				AABC43E21AE7C8E600734198 /* main.m in Sources */,
				AABC44241AE8018100734198 /* ReminderCell.m in Sources */,
			);
			runOnlyForDeploymentPostprocessing = 0;
		};
		AABC43F11AE7C8E700734198 /* Sources */ = {
			isa = PBXSourcesBuildPhase;
			buildActionMask = 2147483647;
			files = (
				AABC43FC1AE7C8E700734198 /* week5portTests.m in Sources */,
			);
			runOnlyForDeploymentPostprocessing = 0;
		};
/* End PBXSourcesBuildPhase section */

/* Begin PBXTargetDependency section */
		AABC43F71AE7C8E700734198 /* PBXTargetDependency */ = {
			isa = PBXTargetDependency;
			target = AABC43DB1AE7C8E600734198 /* week5port */;
			targetProxy = AABC43F61AE7C8E700734198 /* PBXContainerItemProxy */;
		};
/* End PBXTargetDependency section */

/* Begin PBXVariantGroup section */
		AABC43E91AE7C8E600734198 /* Main.storyboard */ = {
			isa = PBXVariantGroup;
			children = (
				AABC43EA1AE7C8E600734198 /* Base */,
			);
			name = Main.storyboard;
			sourceTree = "<group>";
		};
		AABC43EE1AE7C8E600734198 /* LaunchScreen.xib */ = {
			isa = PBXVariantGroup;
			children = (
				AABC43EF1AE7C8E600734198 /* Base */,
			);
			name = LaunchScreen.xib;
			sourceTree = "<group>";
		};
/* End PBXVariantGroup section */

/* Begin XCBuildConfiguration section */
		AABC43FD1AE7C8E700734198 /* Debug */ = {
			isa = XCBuildConfiguration;
			buildSettings = {
				ALWAYS_SEARCH_USER_PATHS = NO;
				CLANG_CXX_LANGUAGE_STANDARD = "gnu++0x";
				CLANG_CXX_LIBRARY = "libc++";
				CLANG_ENABLE_MODULES = YES;
				CLANG_ENABLE_OBJC_ARC = YES;
				CLANG_WARN_BOOL_CONVERSION = YES;
				CLANG_WARN_CONSTANT_CONVERSION = YES;
				CLANG_WARN_DIRECT_OBJC_ISA_USAGE = YES_ERROR;
				CLANG_WARN_EMPTY_BODY = YES;
				CLANG_WARN_ENUM_CONVERSION = YES;
				CLANG_WARN_INT_CONVERSION = YES;
				CLANG_WARN_OBJC_ROOT_CLASS = YES_ERROR;
				CLANG_WARN_UNREACHABLE_CODE = YES;
				CLANG_WARN__DUPLICATE_METHOD_MATCH = YES;
				"CODE_SIGN_IDENTITY[sdk=iphoneos*]" = "iPhone Developer";
				COPY_PHASE_STRIP = NO;
				ENABLE_STRICT_OBJC_MSGSEND = YES;
				GCC_C_LANGUAGE_STANDARD = gnu99;
				GCC_DYNAMIC_NO_PIC = NO;
				GCC_OPTIMIZATION_LEVEL = 0;
				GCC_PREPROCESSOR_DEFINITIONS = (
					"DEBUG=1",
					"$(inherited)",
				);
				GCC_SYMBOLS_PRIVATE_EXTERN = NO;
				GCC_WARN_64_TO_32_BIT_CONVERSION = YES;
				GCC_WARN_ABOUT_RETURN_TYPE = YES_ERROR;
				GCC_WARN_UNDECLARED_SELECTOR = YES;
				GCC_WARN_UNINITIALIZED_AUTOS = YES_AGGRESSIVE;
				GCC_WARN_UNUSED_FUNCTION = YES;
				GCC_WARN_UNUSED_VARIABLE = YES;
				IPHONEOS_DEPLOYMENT_TARGET = 8.1;
				MTL_ENABLE_DEBUG_INFO = YES;
				ONLY_ACTIVE_ARCH = YES;
				SDKROOT = iphoneos;
			};
			name = Debug;
		};
		AABC43FE1AE7C8E700734198 /* Release */ = {
			isa = XCBuildConfiguration;
			buildSettings = {
				ALWAYS_SEARCH_USER_PATHS = NO;
				CLANG_CXX_LANGUAGE_STANDARD = "gnu++0x";
				CLANG_CXX_LIBRARY = "libc++";
				CLANG_ENABLE_MODULES = YES;
				CLANG_ENABLE_OBJC_ARC = YES;
				CLANG_WARN_BOOL_CONVERSION = YES;
				CLANG_WARN_CONSTANT_CONVERSION = YES;
				CLANG_WARN_DIRECT_OBJC_ISA_USAGE = YES_ERROR;
				CLANG_WARN_EMPTY_BODY = YES;
				CLANG_WARN_ENUM_CONVERSION = YES;
				CLANG_WARN_INT_CONVERSION = YES;
				CLANG_WARN_OBJC_ROOT_CLASS = YES_ERROR;
				CLANG_WARN_UNREACHABLE_CODE = YES;
				CLANG_WARN__DUPLICATE_METHOD_MATCH = YES;
				"CODE_SIGN_IDENTITY[sdk=iphoneos*]" = "iPhone Developer";
				COPY_PHASE_STRIP = YES;
				ENABLE_NS_ASSERTIONS = NO;
				ENABLE_STRICT_OBJC_MSGSEND = YES;
				GCC_C_LANGUAGE_STANDARD = gnu99;
				GCC_WARN_64_TO_32_BIT_CONVERSION = YES;
				GCC_WARN_ABOUT_RETURN_TYPE = YES_ERROR;
				GCC_WARN_UNDECLARED_SELECTOR = YES;
				GCC_WARN_UNINITIALIZED_AUTOS = YES_AGGRESSIVE;
				GCC_WARN_UNUSED_FUNCTION = YES;
				GCC_WARN_UNUSED_VARIABLE = YES;
				IPHONEOS_DEPLOYMENT_TARGET = 8.1;
				MTL_ENABLE_DEBUG_INFO = NO;
				SDKROOT = iphoneos;
				VALIDATE_PRODUCT = YES;
			};
			name = Release;
		};
		AABC44001AE7C8E700734198 /* Debug */ = {
			isa = XCBuildConfiguration;
			buildSettings = {
				ASSETCATALOG_COMPILER_APPICON_NAME = AppIcon;
				INFOPLIST_FILE = week5port/Info.plist;
				LD_RUNPATH_SEARCH_PATHS = "$(inherited) @executable_path/Frameworks";
				PRODUCT_NAME = "$(TARGET_NAME)";
			};
			name = Debug;
		};
		AABC44011AE7C8E700734198 /* Release */ = {
			isa = XCBuildConfiguration;
			buildSettings = {
				ASSETCATALOG_COMPILER_APPICON_NAME = AppIcon;
				INFOPLIST_FILE = week5port/Info.plist;
				LD_RUNPATH_SEARCH_PATHS = "$(inherited) @executable_path/Frameworks";
				PRODUCT_NAME = "$(TARGET_NAME)";
			};
			name = Release;
		};
		AABC44031AE7C8E700734198 /* Debug */ = {
			isa = XCBuildConfiguration;
			buildSettings = {
				BUNDLE_LOADER = "$(TEST_HOST)";
				FRAMEWORK_SEARCH_PATHS = (
					"$(SDKROOT)/Developer/Library/Frameworks",
					"$(inherited)",
				);
				GCC_PREPROCESSOR_DEFINITIONS = (
					"DEBUG=1",
					"$(inherited)",
				);
				INFOPLIST_FILE = week5portTests/Info.plist;
				LD_RUNPATH_SEARCH_PATHS = "$(inherited) @executable_path/Frameworks @loader_path/Frameworks";
				PRODUCT_NAME = "$(TARGET_NAME)";
				TEST_HOST = "$(BUILT_PRODUCTS_DIR)/week5port.app/week5port";
			};
			name = Debug;
		};
		AABC44041AE7C8E700734198 /* Release */ = {
			isa = XCBuildConfiguration;
			buildSettings = {
				BUNDLE_LOADER = "$(TEST_HOST)";
				FRAMEWORK_SEARCH_PATHS = (
					"$(SDKROOT)/Developer/Library/Frameworks",
					"$(inherited)",
				);
				INFOPLIST_FILE = week5portTests/Info.plist;
				LD_RUNPATH_SEARCH_PATHS = "$(inherited) @executable_path/Frameworks @loader_path/Frameworks";
				PRODUCT_NAME = "$(TARGET_NAME)";
				TEST_HOST = "$(BUILT_PRODUCTS_DIR)/week5port.app/week5port";
			};
			name = Release;
		};
/* End XCBuildConfiguration section */

/* Begin XCConfigurationList section */
		AABC43D71AE7C8E600734198 /* Build configuration list for PBXProject "week5port" */ = {
			isa = XCConfigurationList;
			buildConfigurations = (
				AABC43FD1AE7C8E700734198 /* Debug */,
				AABC43FE1AE7C8E700734198 /* Release */,
			);
			defaultConfigurationIsVisible = 0;
			defaultConfigurationName = Release;
		};
		AABC43FF1AE7C8E700734198 /* Build configuration list for PBXNativeTarget "week5port" */ = {
			isa = XCConfigurationList;
			buildConfigurations = (
				AABC44001AE7C8E700734198 /* Debug */,
				AABC44011AE7C8E700734198 /* Release */,
			);
			defaultConfigurationIsVisible = 0;
		};
		AABC44021AE7C8E700734198 /* Build configuration list for PBXNativeTarget "week5portTests" */ = {
			isa = XCConfigurationList;
			buildConfigurations = (
				AABC44031AE7C8E700734198 /* Debug */,
				AABC44041AE7C8E700734198 /* Release */,
			);
			defaultConfigurationIsVisible = 0;
		};
/* End XCConfigurationList section */

/* Begin XCVersionGroup section */
		AABC44081AE7C96200734198 /* ReminderModel.xcdatamodeld */ = {
			isa = XCVersionGroup;
			children = (
				AABC44091AE7C96200734198 /* ReminderModel.xcdatamodel */,
			);
			currentVersion = AABC44091AE7C96200734198 /* ReminderModel.xcdatamodel */;
			path = ReminderModel.xcdatamodeld;
			sourceTree = "<group>";
			versionGroupType = wrapper.xcdatamodel;
		};
/* End XCVersionGroup section */
	};
	rootObject = AABC43D41AE7C8E600734198 /* Project object */;
}
